
Microsoft Visual Studio Solution File, Format Version 12.00
# Visual Studio Version 16
VisualStudioVersion = 16.0.31129.286
MinimumVisualStudioVersion = 10.0.40219.1
Project("{9A19103F-16F7-4668-BE54-9A1E7A4F7556}") = "ExperianCodeTest", "ExperianCodeTest\ExperianCodeTest.csproj", "{CC94843C-8E1C-4AEC-8502-B5E40512B1C2}"
EndProject
Project("{9A19103F-16F7-4668-BE54-9A1E7A4F7556}") = "Experian.Services", "Experian.Services\Experian.Services.csproj", "{58D9D418-69F7-43E6-BF57-06D2CC25344C}"
EndProject
Project("{9A19103F-16F7-4668-BE54-9A1E7A4F7556}") = "Experian.Models", "Experian.Models\Experian.Models.csproj", "{9CD48780-0AED-48D8-BBE8-457116CABC5E}"
EndProject
Project("{FAE04EC0-301F-11D3-BF4B-00C04F79EFBC}") = "Experian.UnitTest", "Experian.UnitTest\Experian.UnitTest.csproj", "{F6251758-8961-4B36-A92B-F68CF15BCD1D}"
EndProject
Global
	GlobalSection(SolutionConfigurationPlatforms) = preSolution
		Debug|Any CPU = Debug|Any CPU
		Release|Any CPU = Release|Any CPU
	EndGlobalSection
	GlobalSection(ProjectConfigurationPlatforms) = postSolution
		{CC94843C-8E1C-4AEC-8502-B5E40512B1C2}.Debug|Any CPU.ActiveCfg = Debug|Any CPU
		{CC94843C-8E1C-4AEC-8502-B5E40512B1C2}.Debug|Any CPU.Build.0 = Debug|Any CPU
		{CC94843C-8E1C-4AEC-8502-B5E40512B1C2}.Release|Any CPU.ActiveCfg = Release|Any CPU
		{CC94843C-8E1C-4AEC-8502-B5E40512B1C2}.Release|Any CPU.Build.0 = Release|Any CPU
		{58D9D418-69F7-43E6-BF57-06D2CC25344C}.Debug|Any CPU.ActiveCfg = Debug|Any CPU
		{58D9D418-69F7-43E6-BF57-06D2CC25344C}.Debug|Any CPU.Build.0 = Debug|Any CPU
		{58D9D418-69F7-43E6-BF57-06D2CC25344C}.Release|Any CPU.ActiveCfg = Release|Any CPU
		{58D9D418-69F7-43E6-BF57-06D2CC25344C}.Release|Any CPU.Build.0 = Release|Any CPU
		{9CD48780-0AED-48D8-BBE8-457116CABC5E}.Debug|Any CPU.ActiveCfg = Debug|Any CPU
		{9CD48780-0AED-48D8-BBE8-457116CABC5E}.Debug|Any CPU.Build.0 = Debug|Any CPU
		{9CD48780-0AED-48D8-BBE8-457116CABC5E}.Release|Any CPU.ActiveCfg = Release|Any CPU
		{9CD48780-0AED-48D8-BBE8-457116CABC5E}.Release|Any CPU.Build.0 = Release|Any CPU
		{F6251758-8961-4B36-A92B-F68CF15BCD1D}.Debug|Any CPU.ActiveCfg = Debug|Any CPU
		{F6251758-8961-4B36-A92B-F68CF15BCD1D}.Debug|Any CPU.Build.0 = Debug|Any CPU
		{F6251758-8961-4B36-A92B-F68CF15BCD1D}.Release|Any CPU.ActiveCfg = Release|Any CPU
		{F6251758-8961-4B36-A92B-F68CF15BCD1D}.Release|Any CPU.Build.0 = Release|Any CPU
	EndGlobalSection
	GlobalSection(SolutionProperties) = preSolution
		HideSolutionNode = FALSE
	EndGlobalSection
	GlobalSection(ExtensibilityGlobals) = postSolution
		SolutionGuid = {B8A27F35-2625-43E5-B7A8-46B79CF54F70}
	EndGlobalSection
EndGlobal
